lockfile_version: '1'
generated_at: '2026-06-12T13:44:54.555230+00:00'
apm_version: 0.18.0
dependencies:
- repo_url: _local/apm-package-judge
  package_type: apm_package
  deployed_files:
  - .agents/skills/apm-agent-component-judge
  - .agents/skills/apm-dependency-graph-builder
  - .agents/skills/apm-dependency-graph-judge
  - .agents/skills/apm-hook-command-component-judge
  - .agents/skills/apm-instruction-component-judge
  - .agents/skills/apm-mcp-component-judge
  - .agents/skills/apm-package-synthesis-judge
  - .agents/skills/apm-prompt-component-judge
  - .agents/skills/apm-semantic-package-judge
  - .agents/skills/apm-skill-component-judge
  - .claude/agents/apm-agent-reviewer.agent.ja.md
  - .claude/agents/apm-agent-reviewer.md
  - .claude/agents/apm-dependency-graph-reviewer.agent.ja.md
  - .claude/agents/apm-dependency-graph-reviewer.md
  - .claude/agents/apm-hook-command-reviewer.agent.ja.md
  - .claude/agents/apm-hook-command-reviewer.md
  - .claude/agents/apm-instruction-reviewer.agent.ja.md
  - .claude/agents/apm-instruction-reviewer.md
  - .claude/agents/apm-mcp-reviewer.agent.ja.md
  - .claude/agents/apm-mcp-reviewer.md
  - .claude/agents/apm-package-synthesizer.agent.ja.md
  - .claude/agents/apm-package-synthesizer.md
  - .claude/agents/apm-prompt-reviewer.agent.ja.md
  - .claude/agents/apm-prompt-reviewer.md
  - .claude/agents/apm-skill-reviewer.agent.ja.md
  - .claude/agents/apm-skill-reviewer.md
  - .claude/skills/apm-agent-component-judge
  - .claude/skills/apm-dependency-graph-builder
  - .claude/skills/apm-dependency-graph-judge
  - .claude/skills/apm-hook-command-component-judge
  - .claude/skills/apm-instruction-component-judge
  - .claude/skills/apm-mcp-component-judge
  - .claude/skills/apm-package-synthesis-judge
  - .claude/skills/apm-prompt-component-judge
  - .claude/skills/apm-semantic-package-judge
  - .claude/skills/apm-skill-component-judge
  - .codex/agents/apm-agent-reviewer.agent.ja.toml
  - .codex/agents/apm-agent-reviewer.toml
  - .codex/agents/apm-dependency-graph-reviewer.agent.ja.toml
  - .codex/agents/apm-dependency-graph-reviewer.toml
  - .codex/agents/apm-hook-command-reviewer.agent.ja.toml
  - .codex/agents/apm-hook-command-reviewer.toml
  - .codex/agents/apm-instruction-reviewer.agent.ja.toml
  - .codex/agents/apm-instruction-reviewer.toml
  - .codex/agents/apm-mcp-reviewer.agent.ja.toml
  - .codex/agents/apm-mcp-reviewer.toml
  - .codex/agents/apm-package-synthesizer.agent.ja.toml
  - .codex/agents/apm-package-synthesizer.toml
  - .codex/agents/apm-prompt-reviewer.agent.ja.toml
  - .codex/agents/apm-prompt-reviewer.toml
  - .codex/agents/apm-skill-reviewer.agent.ja.toml
  - .codex/agents/apm-skill-reviewer.toml
  - .cursor/agents/apm-agent-reviewer.agent.ja.md
  - .cursor/agents/apm-agent-reviewer.md
  - .cursor/agents/apm-dependency-graph-reviewer.agent.ja.md
  - .cursor/agents/apm-dependency-graph-reviewer.md
  - .cursor/agents/apm-hook-command-reviewer.agent.ja.md
  - .cursor/agents/apm-hook-command-reviewer.md
  - .cursor/agents/apm-instruction-reviewer.agent.ja.md
  - .cursor/agents/apm-instruction-reviewer.md
  - .cursor/agents/apm-mcp-reviewer.agent.ja.md
  - .cursor/agents/apm-mcp-reviewer.md
  - .cursor/agents/apm-package-synthesizer.agent.ja.md
  - .cursor/agents/apm-package-synthesizer.md
  - .cursor/agents/apm-prompt-reviewer.agent.ja.md
  - .cursor/agents/apm-prompt-reviewer.md
  - .cursor/agents/apm-skill-reviewer.agent.ja.md
  - .cursor/agents/apm-skill-reviewer.md
  - .github/agents/apm-agent-reviewer.agent.ja.agent.md
  - .github/agents/apm-agent-reviewer.agent.md
  - .github/agents/apm-dependency-graph-reviewer.agent.ja.agent.md
  - .github/agents/apm-dependency-graph-reviewer.agent.md
  - .github/agents/apm-hook-command-reviewer.agent.ja.agent.md
  - .github/agents/apm-hook-command-reviewer.agent.md
  - .github/agents/apm-instruction-reviewer.agent.ja.agent.md
  - .github/agents/apm-instruction-reviewer.agent.md
  - .github/agents/apm-mcp-reviewer.agent.ja.agent.md
  - .github/agents/apm-mcp-reviewer.agent.md
  - .github/agents/apm-package-synthesizer.agent.ja.agent.md
  - .github/agents/apm-package-synthesizer.agent.md
  - .github/agents/apm-prompt-reviewer.agent.ja.agent.md
  - .github/agents/apm-prompt-reviewer.agent.md
  - .github/agents/apm-skill-reviewer.agent.ja.agent.md
  - .github/agents/apm-skill-reviewer.agent.md
  deployed_file_hashes:
    .claude/agents/apm-agent-reviewer.agent.ja.md: sha256:14857c6c0445048c47138bf3600532b53aef9ae91fa5b916871872ab0a3b2cd6
    .claude/agents/apm-agent-reviewer.md: sha256:24c867b6a0a1b5ef4b3c0cba0038401171e7bad0a9daa89fe0e4ec16a0d7a4a9
    .claude/agents/apm-dependency-graph-reviewer.agent.ja.md: sha256:b2fab1b00fa1d6657ac57f244e3713c805e1c887e0ec3b1f3d9febe801dc131e
    .claude/agents/apm-dependency-graph-reviewer.md: sha256:c752a2fc301d5f2f5df30737725d5ce0cec530e7323a6db619e70a30d322c242
    .claude/agents/apm-hook-command-reviewer.agent.ja.md: sha256:3e1494155a1a51550eda13bbf28e3157c3c6c780498fcd6a0923a47a3a5ba7e1
    .claude/agents/apm-hook-command-reviewer.md: sha256:f73ad16bb989ef4b3c7bacdfd505bd6a233d5961e737f57dbf8e00af1e6d26cb
    .claude/agents/apm-instruction-reviewer.agent.ja.md: sha256:47b5c0e5597593539ceae460211ba902792c7e57b794bcc13e88c235d06f7fc4
    .claude/agents/apm-instruction-reviewer.md: sha256:87c1b09b590edc92fdc39f0024e60f2255d156ead5c2e3b1d3acae59b4ff1db9
    .claude/agents/apm-mcp-reviewer.agent.ja.md: sha256:e4129fd7badf05c9b5de0864a5065261a7f5c6239ff551108495bc1ede256674
    .claude/agents/apm-mcp-reviewer.md: sha256:f95bf9e460cfcde71b70de2316cecd7945b820f2ee1716098e2e1149edebb4a9
    .claude/agents/apm-package-synthesizer.agent.ja.md: sha256:8db168af2b230b2d67aefe30d3e6cc869198fce39d8cedb0638d833a4c35b232
    .claude/agents/apm-package-synthesizer.md: sha256:e275d2fbf49acead27ce652744e75e5c9a1a23296420d820c87e38297466e0de
    .claude/agents/apm-prompt-reviewer.agent.ja.md: sha256:aed910ad492181554c2ea55db62b003c4e9f9ef1213814832d5d0dfb66e89bfc
    .claude/agents/apm-prompt-reviewer.md: sha256:3c38cddcc51f7e67c1f461b1bbc1ba438e2c8b3511f69275b112fea1f375e37c
    .claude/agents/apm-skill-reviewer.agent.ja.md: sha256:bc658ece3bef87cca00ef4bd7290bde350494ea7688ca53193c45e04e7c177d1
    .claude/agents/apm-skill-reviewer.md: sha256:ec9364319e8cd8c0f2d4d526b9ced4cd060447cf00ed8d954440efc2c6b15905
    .codex/agents/apm-agent-reviewer.agent.ja.toml: sha256:2cc8c16819bd41b3f75a9274a76074c39dadfd52b6216641ecf95b1ecc12b5b3
    .codex/agents/apm-agent-reviewer.toml: sha256:460d58628b5cc06a58095f9103d94dc461dd151ba0a07aa5018c24902c040ba4
    .codex/agents/apm-dependency-graph-reviewer.agent.ja.toml: sha256:c73f4fb2408c9aa5de0cadfb2512a38d326a4dae96d6dad19ff84ef610068989
    .codex/agents/apm-dependency-graph-reviewer.toml: sha256:61b06e091c91e22bce1917125f736cd0d05eb11ae6f74acfe3fce788f19254d4
    .codex/agents/apm-hook-command-reviewer.agent.ja.toml: sha256:0bf0b572aff8781978cf0e6f418d427099d1b7f0bcc09107329241105b7a7237
    .codex/agents/apm-hook-command-reviewer.toml: sha256:759bd8c3201f3d6ccce79bbf777367f4ca2a6eb457c2fa5cbddb4b1d06f40da0
    .codex/agents/apm-instruction-reviewer.agent.ja.toml: sha256:fe3691a303c2f02365e82e9624ae0e5a1ece8713b0deb41d1ab37a3f4d721265
    .codex/agents/apm-instruction-reviewer.toml: sha256:5b659a6ed8e642c13ea883c03b3a224dc556090a6de716e315658c55c433a67a
    .codex/agents/apm-mcp-reviewer.agent.ja.toml: sha256:fc1d3e772875dbbba381ab63e538c9ddf9662df8318d21e4f4d9d24f000b7d37
    .codex/agents/apm-mcp-reviewer.toml: sha256:2dc81dc9b7b79382ec8220195107c29a6971d2dca12d626257a069d27f549948
    .codex/agents/apm-package-synthesizer.agent.ja.toml: sha256:b0dddb80262ae6c13f7d126234cf3912f8bf4ef94e43598f53f14640d3f86773
    .codex/agents/apm-package-synthesizer.toml: sha256:c2e8797afc4bbbff5876122e612349e7009f8c89c36b9ba391e4ea95155f4178
    .codex/agents/apm-prompt-reviewer.agent.ja.toml: sha256:621828d0b83771466dc31dc26490431686dc7701b76480728a79b44d5edf22a0
    .codex/agents/apm-prompt-reviewer.toml: sha256:dfed4204d073e4fa4e19e651abcb2075945cdefdefd2c5f8f62badc05aee621a
    .codex/agents/apm-skill-reviewer.agent.ja.toml: sha256:d9fe134710e49d658c54518be97913e6c08f9bf0a9f83a3f4797435ea4821b69
    .codex/agents/apm-skill-reviewer.toml: sha256:d498153613136eadcbc432847bd2eb4f1a2d788cb12fc19bbda9a8dc2253f53e
    .cursor/agents/apm-agent-reviewer.agent.ja.md: sha256:14857c6c0445048c47138bf3600532b53aef9ae91fa5b916871872ab0a3b2cd6
    .cursor/agents/apm-agent-reviewer.md: sha256:24c867b6a0a1b5ef4b3c0cba0038401171e7bad0a9daa89fe0e4ec16a0d7a4a9
    .cursor/agents/apm-dependency-graph-reviewer.agent.ja.md: sha256:b2fab1b00fa1d6657ac57f244e3713c805e1c887e0ec3b1f3d9febe801dc131e
    .cursor/agents/apm-dependency-graph-reviewer.md: sha256:c752a2fc301d5f2f5df30737725d5ce0cec530e7323a6db619e70a30d322c242
    .cursor/agents/apm-hook-command-reviewer.agent.ja.md: sha256:3e1494155a1a51550eda13bbf28e3157c3c6c780498fcd6a0923a47a3a5ba7e1
    .cursor/agents/apm-hook-command-reviewer.md: sha256:f73ad16bb989ef4b3c7bacdfd505bd6a233d5961e737f57dbf8e00af1e6d26cb
    .cursor/agents/apm-instruction-reviewer.agent.ja.md: sha256:47b5c0e5597593539ceae460211ba902792c7e57b794bcc13e88c235d06f7fc4
    .cursor/agents/apm-instruction-reviewer.md: sha256:87c1b09b590edc92fdc39f0024e60f2255d156ead5c2e3b1d3acae59b4ff1db9
    .cursor/agents/apm-mcp-reviewer.agent.ja.md: sha256:e4129fd7badf05c9b5de0864a5065261a7f5c6239ff551108495bc1ede256674
    .cursor/agents/apm-mcp-reviewer.md: sha256:f95bf9e460cfcde71b70de2316cecd7945b820f2ee1716098e2e1149edebb4a9
    .cursor/agents/apm-package-synthesizer.agent.ja.md: sha256:8db168af2b230b2d67aefe30d3e6cc869198fce39d8cedb0638d833a4c35b232
    .cursor/agents/apm-package-synthesizer.md: sha256:e275d2fbf49acead27ce652744e75e5c9a1a23296420d820c87e38297466e0de
    .cursor/agents/apm-prompt-reviewer.agent.ja.md: sha256:aed910ad492181554c2ea55db62b003c4e9f9ef1213814832d5d0dfb66e89bfc
    .cursor/agents/apm-prompt-reviewer.md: sha256:3c38cddcc51f7e67c1f461b1bbc1ba438e2c8b3511f69275b112fea1f375e37c
    .cursor/agents/apm-skill-reviewer.agent.ja.md: sha256:bc658ece3bef87cca00ef4bd7290bde350494ea7688ca53193c45e04e7c177d1
    .cursor/agents/apm-skill-reviewer.md: sha256:ec9364319e8cd8c0f2d4d526b9ced4cd060447cf00ed8d954440efc2c6b15905
    .github/agents/apm-agent-reviewer.agent.ja.agent.md: sha256:14857c6c0445048c47138bf3600532b53aef9ae91fa5b916871872ab0a3b2cd6
    .github/agents/apm-agent-reviewer.agent.md: sha256:24c867b6a0a1b5ef4b3c0cba0038401171e7bad0a9daa89fe0e4ec16a0d7a4a9
    .github/agents/apm-dependency-graph-reviewer.agent.ja.agent.md: sha256:b2fab1b00fa1d6657ac57f244e3713c805e1c887e0ec3b1f3d9febe801dc131e
    .github/agents/apm-dependency-graph-reviewer.agent.md: sha256:c752a2fc301d5f2f5df30737725d5ce0cec530e7323a6db619e70a30d322c242
    .github/agents/apm-hook-command-reviewer.agent.ja.agent.md: sha256:3e1494155a1a51550eda13bbf28e3157c3c6c780498fcd6a0923a47a3a5ba7e1
    .github/agents/apm-hook-command-reviewer.agent.md: sha256:f73ad16bb989ef4b3c7bacdfd505bd6a233d5961e737f57dbf8e00af1e6d26cb
    .github/agents/apm-instruction-reviewer.agent.ja.agent.md: sha256:47b5c0e5597593539ceae460211ba902792c7e57b794bcc13e88c235d06f7fc4
    .github/agents/apm-instruction-reviewer.agent.md: sha256:87c1b09b590edc92fdc39f0024e60f2255d156ead5c2e3b1d3acae59b4ff1db9
    .github/agents/apm-mcp-reviewer.agent.ja.agent.md: sha256:e4129fd7badf05c9b5de0864a5065261a7f5c6239ff551108495bc1ede256674
    .github/agents/apm-mcp-reviewer.agent.md: sha256:f95bf9e460cfcde71b70de2316cecd7945b820f2ee1716098e2e1149edebb4a9
    .github/agents/apm-package-synthesizer.agent.ja.agent.md: sha256:8db168af2b230b2d67aefe30d3e6cc869198fce39d8cedb0638d833a4c35b232
    .github/agents/apm-package-synthesizer.agent.md: sha256:e275d2fbf49acead27ce652744e75e5c9a1a23296420d820c87e38297466e0de
    .github/agents/apm-prompt-reviewer.agent.ja.agent.md: sha256:aed910ad492181554c2ea55db62b003c4e9f9ef1213814832d5d0dfb66e89bfc
    .github/agents/apm-prompt-reviewer.agent.md: sha256:3c38cddcc51f7e67c1f461b1bbc1ba438e2c8b3511f69275b112fea1f375e37c
    .github/agents/apm-skill-reviewer.agent.ja.agent.md: sha256:bc658ece3bef87cca00ef4bd7290bde350494ea7688ca53193c45e04e7c177d1
    .github/agents/apm-skill-reviewer.agent.md: sha256:ec9364319e8cd8c0f2d4d526b9ced4cd060447cf00ed8d954440efc2c6b15905
  source: local
  local_path: ./packages/apm-package-judge
  is_dev: true
- repo_url: _local/doc-driven-dev
  package_type: apm_package
  deployed_files:
  - .agents/skills/adr-doc
  - .agents/skills/briefing-flow
  - .agents/skills/deep-dive
  - .agents/skills/design-doc
  - .agents/skills/doc-driven-dev-lifecycle
  - .agents/skills/doc-status
  - .agents/skills/impl-doc
  - .agents/skills/implementation-flow
  - .agents/skills/plan-doc
  - .agents/skills/skill-discovery-protocol
  - .agents/skills/spec-doc
  - .agents/skills/task-doc
  - .claude/skills/adr-doc
  - .claude/skills/briefing-flow
  - .claude/skills/deep-dive
  - .claude/skills/design-doc
  - .claude/skills/doc-driven-dev-lifecycle
  - .claude/skills/doc-status
  - .claude/skills/impl-doc
  - .claude/skills/implementation-flow
  - .claude/skills/plan-doc
  - .claude/skills/skill-discovery-protocol
  - .claude/skills/spec-doc
  - .claude/skills/task-doc
  source: local
  local_path: ./packages/doc-driven-dev
  is_dev: true
- repo_url: _local/steer-enterprise-web-research
  package_type: apm_package
  deployed_files:
  - .agents/skills/steer-web-research
  - .claude/skills/steer-web-research
  source: local
  local_path: ./packages/steer-enterprise-web-research
  is_dev: true
- repo_url: addyosmani/agent-skills
  host: github.com
  resolved_commit: d187883b7d761265309cdcc0f202cc76b4b3fb06
  package_type: marketplace_plugin
  deployed_files:
  - .agents/skills/api-and-interface-design
  - .agents/skills/browser-testing-with-devtools
  - .agents/skills/ci-cd-and-automation
  - .agents/skills/code-review-and-quality
  - .agents/skills/code-simplification
  - .agents/skills/context-engineering
  - .agents/skills/debugging-and-error-recovery
  - .agents/skills/deprecation-and-migration
  - .agents/skills/documentation-and-adrs
  - .agents/skills/doubt-driven-development
  - .agents/skills/frontend-ui-engineering
  - .agents/skills/git-workflow-and-versioning
  - .agents/skills/idea-refine
  - .agents/skills/incremental-implementation
  - .agents/skills/interview-me
  - .agents/skills/observability-and-instrumentation
  - .agents/skills/performance-optimization
  - .agents/skills/planning-and-task-breakdown
  - .agents/skills/security-and-hardening
  - .agents/skills/shipping-and-launch
  - .agents/skills/source-driven-development
  - .agents/skills/spec-driven-development
  - .agents/skills/test-driven-development
  - .agents/skills/using-agent-skills
  - .claude/agents/README.md
  - .claude/agents/code-reviewer.md
  - .claude/agents/security-auditor.md
  - .claude/agents/test-engineer.md
  - .claude/agents/web-performance-auditor.md
  - .claude/hooks/agent-skills/hooks/session-start.sh
  - .claude/skills/api-and-interface-design
  - .claude/skills/browser-testing-with-devtools
  - .claude/skills/ci-cd-and-automation
  - .claude/skills/code-review-and-quality
  - .claude/skills/code-simplification
  - .claude/skills/context-engineering
  - .claude/skills/debugging-and-error-recovery
  - .claude/skills/deprecation-and-migration
  - .claude/skills/documentation-and-adrs
  - .claude/skills/doubt-driven-development
  - .claude/skills/frontend-ui-engineering
  - .claude/skills/git-workflow-and-versioning
  - .claude/skills/idea-refine
  - .claude/skills/incremental-implementation
  - .claude/skills/interview-me
  - .claude/skills/observability-and-instrumentation
  - .claude/skills/performance-optimization
  - .claude/skills/planning-and-task-breakdown
  - .claude/skills/security-and-hardening
  - .claude/skills/shipping-and-launch
  - .claude/skills/source-driven-development
  - .claude/skills/spec-driven-development
  - .claude/skills/test-driven-development
  - .claude/skills/using-agent-skills
  - .codex/agents/README.toml
  - .codex/agents/code-reviewer.toml
  - .codex/agents/security-auditor.toml
  - .codex/agents/test-engineer.toml
  - .codex/agents/web-performance-auditor.toml
  - .codex/hooks/agent-skills/hooks/session-start.sh
  - .cursor/agents/README.md
  - .cursor/agents/code-reviewer.md
  - .cursor/agents/security-auditor.md
  - .cursor/agents/test-engineer.md
  - .cursor/agents/web-performance-auditor.md
  - .cursor/hooks/agent-skills/hooks/session-start.sh
  - .github/agents/README.agent.md
  - .github/agents/code-reviewer.agent.md
  - .github/agents/security-auditor.agent.md
  - .github/agents/test-engineer.agent.md
  - .github/agents/web-performance-auditor.agent.md
  - .github/hooks/agent-skills-hooks.json
  - .github/hooks/scripts/agent-skills/hooks/session-start.sh
  deployed_file_hashes:
    .claude/agents/README.md: sha256:bdc25c96540bdf8f13634c10633de2dbaa4587beb3cd6b849478781650b0d891
    .claude/agents/code-reviewer.md: sha256:efe31152ec35a9743484a5f29be606d616e855a1b519d0ad8778929f134a618d
    .claude/agents/security-auditor.md: sha256:3167c9daf12306b99ae86a978a78c92fe71e1b216409dbd957c7e3be5bb7c932
    .claude/agents/test-engineer.md: sha256:72e5977b74120c81e0e0f8e5ff2fa42aac60d2681b81a582a33ec209680efaa1
    .claude/agents/web-performance-auditor.md: sha256:143dffd480add5c66a3a1a0cc4c0b77d3c31eb074a2ae096e7d5c6dd6d37195b
    .claude/hooks/agent-skills/hooks/session-start.sh: sha256:9f3ab636c164463b26bc93af82626d42b184ce323a6b64c9a9aec873dd2c7cb7
    .codex/agents/README.toml: sha256:d60fa182965db7d43a59c939ea855b7e13888812ddb51b66dc8b3bffff816a19
    .codex/agents/code-reviewer.toml: sha256:86e816b59800892a788d1a13228c9dbd57ccedb19ad55b2ef5126b3ec92be8d5
    .codex/agents/security-auditor.toml: sha256:91a2a25705f4dddb98d47c832b7a16146165155c245d8f7b248a4b3173d3613d
    .codex/agents/test-engineer.toml: sha256:6aaa58394dd45e5e5c9bb1da6b1bb5aff0dfb671df0f7f06077bf71848a2fce6
    .codex/agents/web-performance-auditor.toml: sha256:179bc4de7f4f3dbbee6d0fe2900693777995d7c0b4bf7d969b311ecb9f98efa1
    .codex/hooks/agent-skills/hooks/session-start.sh: sha256:9f3ab636c164463b26bc93af82626d42b184ce323a6b64c9a9aec873dd2c7cb7
    .cursor/agents/README.md: sha256:bdc25c96540bdf8f13634c10633de2dbaa4587beb3cd6b849478781650b0d891
    .cursor/agents/code-reviewer.md: sha256:efe31152ec35a9743484a5f29be606d616e855a1b519d0ad8778929f134a618d
    .cursor/agents/security-auditor.md: sha256:3167c9daf12306b99ae86a978a78c92fe71e1b216409dbd957c7e3be5bb7c932
    .cursor/agents/test-engineer.md: sha256:72e5977b74120c81e0e0f8e5ff2fa42aac60d2681b81a582a33ec209680efaa1
    .cursor/agents/web-performance-auditor.md: sha256:143dffd480add5c66a3a1a0cc4c0b77d3c31eb074a2ae096e7d5c6dd6d37195b
    .cursor/hooks/agent-skills/hooks/session-start.sh: sha256:9f3ab636c164463b26bc93af82626d42b184ce323a6b64c9a9aec873dd2c7cb7
    .github/agents/README.agent.md: sha256:bdc25c96540bdf8f13634c10633de2dbaa4587beb3cd6b849478781650b0d891
    .github/agents/code-reviewer.agent.md: sha256:efe31152ec35a9743484a5f29be606d616e855a1b519d0ad8778929f134a618d
    .github/agents/security-auditor.agent.md: sha256:3167c9daf12306b99ae86a978a78c92fe71e1b216409dbd957c7e3be5bb7c932
    .github/agents/test-engineer.agent.md: sha256:72e5977b74120c81e0e0f8e5ff2fa42aac60d2681b81a582a33ec209680efaa1
    .github/agents/web-performance-auditor.agent.md: sha256:143dffd480add5c66a3a1a0cc4c0b77d3c31eb074a2ae096e7d5c6dd6d37195b
    .github/hooks/agent-skills-hooks.json: sha256:6e9f28cd955c3ec2a82cb5920593d440e24d4aac49700eb90b3f7de63c664896
    .github/hooks/scripts/agent-skills/hooks/session-start.sh: sha256:9f3ab636c164463b26bc93af82626d42b184ce323a6b64c9a9aec873dd2c7cb7
  content_hash: sha256:a3768ca53f3d9545b2ce454a54da25a6349af1717e4ad4efc451365a70c5acb8
  is_dev: true
- repo_url: github/awesome-copilot
  host: github.com
  resolved_commit: a360749d762d7a86fd49d536651ebe0ca54b608a
  virtual_path: skills/agentic-eval
  is_virtual: true
  package_type: claude_skill
  deployed_files:
  - .agents/skills/agentic-eval
  - .claude/skills/agentic-eval
  content_hash: sha256:40771d7d389c1542e6cb995d75e516893466f01c3b66bc040b158ceb793d4bed
  is_dev: true
- repo_url: github/awesome-copilot
  host: github.com
  resolved_commit: 8b1792d493d9f8f0a88d594eb23bb9196639ec3d
  virtual_path: skills/commit-message-storyteller
  is_virtual: true
  package_type: claude_skill
  deployed_files:
  - .agents/skills/commit-message-storyteller
  - .claude/skills/commit-message-storyteller
  content_hash: sha256:12d806f64f59f5df9301f6a283f034be58d883c20bf0954d6a2ab4e81512c5d8
  is_dev: true
- repo_url: github/awesome-copilot
  host: github.com
  resolved_commit: 8b1792d493d9f8f0a88d594eb23bb9196639ec3d
  virtual_path: skills/conventional-branch
  is_virtual: true
  package_type: claude_skill
  deployed_files:
  - .agents/skills/conventional-branch
  - .claude/skills/conventional-branch
  content_hash: sha256:62d556675f48fd45ebe77b13ce7cac1e37a4982e648f389b4db237864f6702c4
  is_dev: true
- repo_url: github/awesome-copilot
  host: github.com
  resolved_commit: a360749d762d7a86fd49d536651ebe0ca54b608a
  virtual_path: skills/git-commit
  is_virtual: true
  package_type: claude_skill
  deployed_files:
  - .agents/skills/git-commit
  - .claude/skills/git-commit
  content_hash: sha256:2607fc60629b82b257136dd2a7a373f0a4466c0b49df7746d845d59313c99b21
  is_dev: true
- repo_url: github/awesome-copilot
  host: github.com
  resolved_commit: 8b1792d493d9f8f0a88d594eb23bb9196639ec3d
  virtual_path: skills/github-actions-efficiency
  is_virtual: true
  package_type: claude_skill
  deployed_files:
  - .agents/skills/github-actions-efficiency
  - .claude/skills/github-actions-efficiency
  content_hash: sha256:cb1a6b7a2d06465b26f1245a0f617317032d40f0e63f3237ac67f996ad5eeea3
  is_dev: true
- repo_url: microsoft/apm
  host: github.com
  resolved_commit: 43a00c21e413342d5dd56c358a63aa64e12af131
  virtual_path: packages/apm-guide
  is_virtual: true
  package_type: apm_package
  deployed_files:
  - .agents/skills/apm-usage
  - .claude/agents/apm-expert.md
  - .claude/skills/apm-usage
  - .codex/agents/apm-expert.toml
  - .cursor/agents/apm-expert.md
  - .github/agents/apm-expert.agent.md
  deployed_file_hashes:
    .claude/agents/apm-expert.md: sha256:d9660199e6eec99c8cd9ee40f02b30aeb3862652a44a7ec5291fec7312040f65
    .codex/agents/apm-expert.toml: sha256:581dc7085e4879f84a228f2919ef2e5190f5410a63cd39cd06754da8455d8daf
    .cursor/agents/apm-expert.md: sha256:d9660199e6eec99c8cd9ee40f02b30aeb3862652a44a7ec5291fec7312040f65
    .github/agents/apm-expert.agent.md: sha256:d9660199e6eec99c8cd9ee40f02b30aeb3862652a44a7ec5291fec7312040f65
  content_hash: sha256:591ad3e822caaee7f8baa54d2c42b6948b237daca27c44ea31e3ebd05f0ee0b5
  is_dev: true
- repo_url: obra/superpowers
  host: github.com
  resolved_commit: 6fd4507659784c351abbd2bc264c7162cfd386dc
  package_type: marketplace_plugin
  deployed_files:
  - .agents/skills/brainstorming
  - .agents/skills/dispatching-parallel-agents
  - .agents/skills/executing-plans
  - .agents/skills/finishing-a-development-branch
  - .agents/skills/receiving-code-review
  - .agents/skills/requesting-code-review
  - .agents/skills/subagent-driven-development
  - .agents/skills/systematic-debugging
  - .agents/skills/test-driven-development
  - .agents/skills/using-git-worktrees
  - .agents/skills/using-superpowers
  - .agents/skills/verification-before-completion
  - .agents/skills/writing-plans
  - .agents/skills/writing-skills
  - .claude/hooks/superpowers/hooks/run-hook.cmd
  - .claude/skills/brainstorming
  - .claude/skills/dispatching-parallel-agents
  - .claude/skills/executing-plans
  - .claude/skills/finishing-a-development-branch
  - .claude/skills/receiving-code-review
  - .claude/skills/requesting-code-review
  - .claude/skills/subagent-driven-development
  - .claude/skills/systematic-debugging
  - .claude/skills/test-driven-development
  - .claude/skills/using-git-worktrees
  - .claude/skills/using-superpowers
  - .claude/skills/verification-before-completion
  - .claude/skills/writing-plans
  - .claude/skills/writing-skills
  - .codex/hooks/superpowers/hooks/run-hook.cmd
  - .cursor/hooks/superpowers/hooks/run-hook.cmd
  - .github/hooks/scripts/superpowers/hooks/run-hook.cmd
  - .github/hooks/superpowers-hooks-cursor.json
  - .github/hooks/superpowers-hooks.json
  deployed_file_hashes:
    .claude/hooks/superpowers/hooks/run-hook.cmd: sha256:d3d9c6199678dab2858e60509dde5e7414f13c2a2b5e48a38b1d368b6e1d6abb
    .codex/hooks/superpowers/hooks/run-hook.cmd: sha256:d3d9c6199678dab2858e60509dde5e7414f13c2a2b5e48a38b1d368b6e1d6abb
    .cursor/hooks/superpowers/hooks/run-hook.cmd: sha256:d3d9c6199678dab2858e60509dde5e7414f13c2a2b5e48a38b1d368b6e1d6abb
    .github/hooks/scripts/superpowers/hooks/run-hook.cmd: sha256:d3d9c6199678dab2858e60509dde5e7414f13c2a2b5e48a38b1d368b6e1d6abb
    .github/hooks/superpowers-hooks-cursor.json: sha256:b9ece7e601639a8f8da883eed873fca594d3209df1f94d77d5765c6373e99b4c
    .github/hooks/superpowers-hooks.json: sha256:5e164fb4b581c26d8fa92540d419a938c1fd44f64629c2357bc3c21ba8adb980
  content_hash: sha256:4c71b446beb8b3118168ce2d88d54f3889a80fb69bd824f57ccf3c73b297c157
  is_dev: true
- repo_url: softaworks/agent-toolkit
  host: github.com
  resolved_commit: 3027f20f3181758385a1bb8c022d4041dfb4de84
  virtual_path: skills/skill-judge
  is_virtual: true
  package_type: claude_skill
  deployed_files:
  - .agents/skills/skill-judge
  - .claude/skills/skill-judge
  content_hash: sha256:ff132ba281d460d3cf7814601e304f24e795a606a8e20e78f1bd103258bc735c
  is_dev: true
